
Microsoft Visual Studio Solution File, Format Version 12.00
# Visual Studio 15
VisualStudioVersion = 15.0.28307.438
MinimumVisualStudioVersion = 10.0.40219.1
Project("{FAE04EC0-301F-11D3-BF4B-00C04F79EFBC}") = "LinqSamples", "LinqSamples\LinqSamples.csproj", "{24964FB6-3DA8-4BA5-BE46-D685FEDCDC9C}"
EndProject
Project("{FAE04EC0-301F-11D3-BF4B-00C04F79EFBC}") = "Queries", "Queries\Queries.csproj", "{4D189140-32D1-4100-8C63-BB241015BD61}"
EndProject
Global
	GlobalSection(SolutionConfigurationPlatforms) = preSolution
		Debug|Any CPU = Debug|Any CPU
		Release|Any CPU = Release|Any CPU
	EndGlobalSection
	GlobalSection(ProjectConfigurationPlatforms) = postSolution
		{24964FB6-3DA8-4BA5-BE46-D685FEDCDC9C}.Debug|Any CPU.ActiveCfg = Debug|Any CPU
		{24964FB6-3DA8-4BA5-BE46-D685FEDCDC9C}.Debug|Any CPU.Build.0 = Debug|Any CPU
		{24964FB6-3DA8-4BA5-BE46-D685FEDCDC9C}.Release|Any CPU.ActiveCfg = Release|Any CPU
		{24964FB6-3DA8-4BA5-BE46-D685FEDCDC9C}.Release|Any CPU.Build.0 = Release|Any CPU
		{4D189140-32D1-4100-8C63-BB241015BD61}.Debug|Any CPU.ActiveCfg = Debug|Any CPU
		{4D189140-32D1-4100-8C63-BB241015BD61}.Debug|Any CPU.Build.0 = Debug|Any CPU
		{4D189140-32D1-4100-8C63-BB241015BD61}.Release|Any CPU.ActiveCfg = Release|Any CPU
		{4D189140-32D1-4100-8C63-BB241015BD61}.Release|Any CPU.Build.0 = Release|Any CPU
	EndGlobalSection
	GlobalSection(SolutionProperties) = preSolution
		HideSolutionNode = FALSE
	EndGlobalSection
	GlobalSection(ExtensibilityGlobals) = postSolution
		SolutionGuid = {09EAC0E4-AE94-4AF1-8D13-FCE6EAC12BB3}
	EndGlobalSection
EndGlobal
